
Microsoft Visual Studio Solution File, Format Version 12.00
# Visual Studio Version 17
VisualStudioVersion = 17.8.34322.80
MinimumVisualStudioVersion = 10.0.40219.1
Project("{FAE04EC0-301F-11D3-BF4B-00C04F79EFBC}") = "DplicacionNomina", "DplicacionNomina.csproj", "{48A82A07-9A2F-4D1B-AA3D-471C8FA3DC0E}"
EndProject
Global
	GlobalSection(SolutionConfigurationPlatforms) = preSolution
		Debug|Any CPU = Debug|Any CPU
		Release|Any CPU = Release|Any CPU
	EndGlobalSection
	GlobalSection(ProjectConfigurationPlatforms) = postSolution
		{48A82A07-9A2F-4D1B-AA3D-471C8FA3DC0E}.Debug|Any CPU.ActiveCfg = Debug|Any CPU
		{48A82A07-9A2F-4D1B-AA3D-471C8FA3DC0E}.Debug|Any CPU.Build.0 = Debug|Any CPU
		{48A82A07-9A2F-4D1B-AA3D-471C8FA3DC0E}.Release|Any CPU.ActiveCfg = Release|Any CPU
		{48A82A07-9A2F-4D1B-AA3D-471C8FA3DC0E}.Release|Any CPU.Build.0 = Release|Any CPU
	EndGlobalSection
	GlobalSection(SolutionProperties) = preSolution
		HideSolutionNode = FALSE
	EndGlobalSection
	GlobalSection(ExtensibilityGlobals) = postSolution
		SolutionGuid = {465F19AF-379E-42EC-A6EA-B12AD8ED7CB1}
	EndGlobalSection
EndGlobal
